
Microsoft Visual Studio Solution File, Format Version 12.00
# Visual Studio Version 16
VisualStudioVersion = 16.0.30413.136
MinimumVisualStudioVersion = 10.0.40219.1
Project("{FAE04EC0-301F-11D3-BF4B-00C04F79EFBC}") = "CalcRec", "Clac\CalcRec.csproj", "{B93DE59D-6A2B-409A-A7D1-F9EF5453446B}"
EndProject
Project("{FAE04EC0-301F-11D3-BF4B-00C04F79EFBC}") = "Calc", "Calc\Calc.csproj", "{B41A80F6-6CFA-4DD8-8B82-8502BB444C4B}"
EndProject
Global
	GlobalSection(SolutionConfigurationPlatforms) = preSolution
		Debug|Any CPU = Debug|Any CPU
		Release|Any CPU = Release|Any CPU
	EndGlobalSection
	GlobalSection(ProjectConfigurationPlatforms) = postSolution
		{B93DE59D-6A2B-409A-A7D1-F9EF5453446B}.Debug|Any CPU.ActiveCfg = Debug|Any CPU
		{B93DE59D-6A2B-409A-A7D1-F9EF5453446B}.Debug|Any CPU.Build.0 = Debug|Any CPU
		{B93DE59D-6A2B-409A-A7D1-F9EF5453446B}.Release|Any CPU.ActiveCfg = Release|Any CPU
		{B93DE59D-6A2B-409A-A7D1-F9EF5453446B}.Release|Any CPU.Build.0 = Release|Any CPU
		{B41A80F6-6CFA-4DD8-8B82-8502BB444C4B}.Debug|Any CPU.ActiveCfg = Debug|Any CPU
		{B41A80F6-6CFA-4DD8-8B82-8502BB444C4B}.Debug|Any CPU.Build.0 = Debug|Any CPU
		{B41A80F6-6CFA-4DD8-8B82-8502BB444C4B}.Release|Any CPU.ActiveCfg = Release|Any CPU
		{B41A80F6-6CFA-4DD8-8B82-8502BB444C4B}.Release|Any CPU.Build.0 = Release|Any CPU
	EndGlobalSection
	GlobalSection(SolutionProperties) = preSolution
		HideSolutionNode = FALSE
	EndGlobalSection
	GlobalSection(ExtensibilityGlobals) = postSolution
		SolutionGuid = {F2F6EC32-11F7-4A17-B6CB-981C1BAF2F94}
	EndGlobalSection
EndGlobal
